
Microsoft Visual Studio Solution File, Format Version 12.00
# Visual Studio Version 17
VisualStudioVersion = 17.6.33712.159
MinimumVisualStudioVersion = 10.0.40219.1
Project("{9A19103F-16F7-4668-BE54-9A1E7A4F7556}") = "backend", "backend.csproj", "{C3CC5D88-1185-4349-A80A-87783AB53999}"
EndProject
Global
	GlobalSection(SolutionConfigurationPlatforms) = preSolution
		Debug|Any CPU = Debug|Any CPU
		Release|Any CPU = Release|Any CPU
	EndGlobalSection
	GlobalSection(ProjectConfigurationPlatforms) = postSolution
		{C3CC5D88-1185-4349-A80A-87783AB53999}.Debug|Any CPU.ActiveCfg = Debug|Any CPU
		{C3CC5D88-1185-4349-A80A-87783AB53999}.Debug|Any CPU.Build.0 = Debug|Any CPU
		{C3CC5D88-1185-4349-A80A-87783AB53999}.Release|Any CPU.ActiveCfg = Release|Any CPU
		{C3CC5D88-1185-4349-A80A-87783AB53999}.Release|Any CPU.Build.0 = Release|Any CPU
	EndGlobalSection
	GlobalSection(SolutionProperties) = preSolution
		HideSolutionNode = FALSE
	EndGlobalSection
	GlobalSection(ExtensibilityGlobals) = postSolution
		SolutionGuid = {04B6775F-C4D9-47E1-BA02-255D9AD96C76}
	EndGlobalSection
EndGlobal
